
Microsoft Visual Studio Solution File, Format Version 12.00
# Visual Studio Version 17
VisualStudioVersion = 17.11.35222.181
MinimumVisualStudioVersion = 10.0.40219.1
Project("{FAE04EC0-301F-11D3-BF4B-00C04F79EFBC}") = "amandaReport", "amandaReport.csproj", "{2023B7D4-FE22-48A8-9CC7-766837877BA2}"
EndProject
Global
	GlobalSection(SolutionConfigurationPlatforms) = preSolution
		Debug|Any CPU = Debug|Any CPU
		Release|Any CPU = Release|Any CPU
	EndGlobalSection
	GlobalSection(ProjectConfigurationPlatforms) = postSolution
		{2023B7D4-FE22-48A8-9CC7-766837877BA2}.Debug|Any CPU.ActiveCfg = Debug|Any CPU
		{2023B7D4-FE22-48A8-9CC7-766837877BA2}.Debug|Any CPU.Build.0 = Debug|Any CPU
		{2023B7D4-FE22-48A8-9CC7-766837877BA2}.Release|Any CPU.ActiveCfg = Release|Any CPU
		{2023B7D4-FE22-48A8-9CC7-766837877BA2}.Release|Any CPU.Build.0 = Release|Any CPU
	EndGlobalSection
	GlobalSection(SolutionProperties) = preSolution
		HideSolutionNode = FALSE
	EndGlobalSection
	GlobalSection(ExtensibilityGlobals) = postSolution
		SolutionGuid = {EF015DE9-660C-42EE-B470-4EF2485E6C0C}
	EndGlobalSection
EndGlobal
